<?xml version="1.0" encoding="utf-8"?>
<Project ToolsVersion="4.0" xmlns="http://schemas.microsoft.com/developer/msbuild/2003">
  <ItemGroup>
    <Filter Include="Source Files">
      <UniqueIdentifier>{4FC737F1-C7A5-4376-A066-2A32D752A2FF}</UniqueIdentifier>
      <Extensions>cpp;c;cc;cxx;def;odl;idl;hpj;bat;asm;asmx</Extensions>
    </Filter>
    <Filter Include="Header Files">
      <UniqueIdentifier>{93995380-89BD-4b04-88EB-625FBE52EBFB}</UniqueIdentifier>
      <Extensions>h;hh;hpp;hxx;hm;inl;inc;ipp;xsd</Extensions>
    </Filter>
    <Filter Include="Resource Files">
      <UniqueIdentifier>{67DA6AB6-F800-4c08-8B7A-83BB121AAD01}</UniqueIdentifier>
      <Extensions>rc;ico;cur;bmp;dlg;rc2;rct;bin;rgs;gif;jpg;jpeg;jpe;resx;tiff;tif;png;wav;mfcribbon-ms</Extensions>
    </Filter>
  </ItemGroup>
  <ItemGroup>
    <ClCompile Include="FlyCam.cpp">
      <Filter>Source Files</Filter>
    </ClCompile>
    <ClCompile Include="VulkanDemo.cpp">
      <Filter>Source Files</Filter>
    </ClCompile>
  </ItemGroup>
  <ItemGroup>
    <None Include="compile_shaders.bat">
      <Filter>Resource Files</Filter>
    </None>
    <None Include="shader.vert">
      <Filter>Source Files</Filter>
    </None>
    <None Include="shader.frag">
      <Filter>Source Files</Filter>
    </None>
    <None Include="noproj.vert">
      <Filter>Source Files</Filter>
    </None>
    <None Include="blit.frag">
      <Filter>Source Files</Filter>
    </None>
    <None Include="skybox.frag">
      <Filter>Source Files</Filter>
    </None>
    <None Include="skybox.vert">
      <Filter>Source Files</Filter>
    </None>
  </ItemGroup>
  <ItemGroup>
    <ClInclude Include="stb_image.h">
      <Filter>Header Files</Filter>
    </ClInclude>
    <ClInclude Include="tiny_obj_loader.h">
      <Filter>Header Files</Filter>
    </ClInclude>
    <ClInclude Include="FlyCam.h">
      <Filter>Header Files</Filter>
    </ClInclude>
    <ClInclude Include="Bvk.hpp">
      <Filter>Header Files</Filter>
    </ClInclude>
  </ItemGroup>
  <ItemGroup>
    <Image Include="D:\Downloads\statue.jpg">
      <Filter>Resource Files</Filter>
    </Image>
    <Image Include="viking_room.png">
      <Filter>Resource Files</Filter>
    </Image>
    <Image Include="erato.jpg">
      <Filter>Resource Files</Filter>
    </Image>
  </ItemGroup>
  <ItemGroup>
    <Object Include="viking_room.obj">
      <Filter>Resource Files</Filter>
    </Object>
    <Object Include="erato.obj">
      <Filter>Resource Files</Filter>
    </Object>
  </ItemGroup>
</Project>